// !$*UTF8*$!
{
	archiveVersion = 1;
	classes = {
	};
	objectVersion = 50;
	objects = {

/* Begin PBXBuildFile section */
		9956AE77249321F300AE48D9 /* AppDelegate.swift in Sources */ = {isa = PBXBuildFile; fileRef = 9956AE76249321F300AE48D9 /* AppDelegate.swift */; };
		9956AE79249321F300AE48D9 /* SceneDelegate.swift in Sources */ = {isa = PBXBuildFile; fileRef = 9956AE78249321F300AE48D9 /* SceneDelegate.swift */; };
		9956AE7B249321F300AE48D9 /* ViewController.swift in Sources */ = {isa = PBXBuildFile; fileRef = 9956AE7A249321F300AE48D9 /* ViewController.swift */; };
		9956AE7E249321F300AE48D9 /* Main.storyboard in Resources */ = {isa = PBXBuildFile; fileRef = 9956AE7C249321F300AE48D9 /* Main.storyboard */; };
		9956AE80249321F500AE48D9 /* Assets.xcassets in Resources */ = {isa = PBXBuildFile; fileRef = 9956AE7F249321F500AE48D9 /* Assets.xcassets */; };
		9956AE83249321F500AE48D9 /* LaunchScreen.storyboard in Resources */ = {isa = PBXBuildFile; fileRef = 9956AE81249321F500AE48D9 /* LaunchScreen.storyboard */; };
		9956AE8B2493278700AE48D9 /* start.txt in Resources */ = {isa = PBXBuildFile; fileRef = 9956AE8A2493278700AE48D9 /* start.txt */; };
/* End PBXBuildFile section */

/* Begin PBXFileReference section */
		9956AE73249321F300AE48D9 /* Project 5 - Word Scramble.app */ = {isa = PBXFileReference; explicitFileType = wrapper.application; includeInIndex = 0; path = "Project 5 - Word Scramble.app"; sourceTree = BUILT_PRODUCTS_DIR; };
		9956AE76249321F300AE48D9 /* AppDelegate.swift */ = {isa = PBXFileReference; lastKnownFileType = sourcecode.swift; path = AppDelegate.swift; sourceTree = "<group>"; };
		9956AE78249321F300AE48D9 /* SceneDelegate.swift */ = {isa = PBXFileReference; lastKnownFileType = sourcecode.swift; path = SceneDelegate.swift; sourceTree = "<group>"; };
		9956AE7A249321F300AE48D9 /* ViewController.swift */ = {isa = PBXFileReference; lastKnownFileType = sourcecode.swift; path = ViewController.swift; sourceTree = "<group>"; };
		9956AE7D249321F300AE48D9 /* Base */ = {isa = PBXFileReference; lastKnownFileType = file.storyboard; name = Base; path = Base.lproj/Main.storyboard; sourceTree = "<group>"; };
		9956AE7F249321F500AE48D9 /* Assets.xcassets */ = {isa = PBXFileReference; lastKnownFileType = folder.assetcatalog; path = Assets.xcassets; sourceTree = "<group>"; };
		9956AE82249321F500AE48D9 /* Base */ = {isa = PBXFileReference; lastKnownFileType = file.storyboard; name = Base; path = Base.lproj/LaunchScreen.storyboard; sourceTree = "<group>"; };
		9956AE84249321F500AE48D9 /* Info.plist */ = {isa = PBXFileReference; lastKnownFileType = text.plist.xml; path = Info.plist; sourceTree = "<group>"; };
		9956AE8A2493278700AE48D9 /* start.txt */ = {isa = PBXFileReference; fileEncoding = 4; lastKnownFileType = text; path = start.txt; sourceTree = "<group>"; };
/* End PBXFileReference section */

/* Begin PBXFrameworksBuildPhase section */
		9956AE70249321F300AE48D9 /* Frameworks */ = {
			isa = PBXFrameworksBuildPhase;
			buildActionMask = 2147483647;
			files = (
			);
			runOnlyForDeploymentPostprocessing = 0;
		};
/* End PBXFrameworksBuildPhase section */

/* Begin PBXGroup section */
		9956AE6A249321F300AE48D9 = {
			isa = PBXGroup;
			children = (
				9956AE75249321F300AE48D9 /* Project 5 - Word Scramble */,
				9956AE74249321F300AE48D9 /* Products */,
			);
			sourceTree = "<group>";
		};
		9956AE74249321F300AE48D9 /* Products */ = {
			isa = PBXGroup;
			children = (
				9956AE73249321F300AE48D9 /* Project 5 - Word Scramble.app */,
			);
			name = Products;
			sourceTree = "<group>";
		};
		9956AE75249321F300AE48D9 /* Project 5 - Word Scramble */ = {
			isa = PBXGroup;
			children = (
				9956AE76249321F300AE48D9 /* AppDelegate.swift */,
				9956AE78249321F300AE48D9 /* SceneDelegate.swift */,
				9956AE7A249321F300AE48D9 /* ViewController.swift */,
				9956AE7C249321F300AE48D9 /* Main.storyboard */,
				9956AE7F249321F500AE48D9 /* Assets.xcassets */,
				9956AE81249321F500AE48D9 /* LaunchScreen.storyboard */,
				9956AE84249321F500AE48D9 /* Info.plist */,
				9956AE8A2493278700AE48D9 /* start.txt */,
			);
			path = "Project 5 - Word Scramble";
			sourceTree = "<group>";
		};
/* End PBXGroup section */

/* Begin PBXNativeTarget section */
		9956AE72249321F300AE48D9 /* Project 5 - Word Scramble */ = {
			isa = PBXNativeTarget;
			buildConfigurationList = 9956AE87249321F500AE48D9 /* Build configuration list for PBXNativeTarget "Project 5 - Word Scramble" */;
			buildPhases = (
				9956AE6F249321F300AE48D9 /* Sources */,
				9956AE70249321F300AE48D9 /* Frameworks */,
				9956AE71249321F300AE48D9 /* Resources */,
			);
			buildRules = (
			);
			dependencies = (
			);
			name = "Project 5 - Word Scramble";
			productName = "Project 5 - Word Scramble";
			productReference = 9956AE73249321F300AE48D9 /* Project 5 - Word Scramble.app */;
			productType = "com.apple.product-type.application";
		};
/* End PBXNativeTarget section */

/* Begin PBXProject section */
		9956AE6B249321F300AE48D9 /* Project object */ = {
			isa = PBXProject;
			attributes = {
				LastSwiftUpdateCheck = 1150;
				LastUpgradeCheck = 1150;
				ORGANIZATIONNAME = "Deon Adams";
				TargetAttributes = {
					9956AE72249321F300AE48D9 = {
						CreatedOnToolsVersion = 11.5;
					};
				};
			};
			buildConfigurationList = 9956AE6E249321F300AE48D9 /* Build configuration list for PBXProject "Project 5 - Word Scramble" */;
			compatibilityVersion = "Xcode 9.3";
			developmentRegion = en;
			hasScannedForEncodings = 0;
			knownRegions = (
				en,
				Base,
			);
			mainGroup = 9956AE6A249321F300AE48D9;
			productRefGroup = 9956AE74249321F300AE48D9 /* Products */;
			projectDirPath = "";
			projectRoot = "";
			targets = (
				9956AE72249321F300AE48D9 /* Project 5 - Word Scramble */,
			);
		};
/* End PBXProject section */

/* Begin PBXResourcesBuildPhase section */
		9956AE71249321F300AE48D9 /* Resources */ = {
			isa = PBXResourcesBuildPhase;
			buildActionMask = 2147483647;
			files = (
				9956AE83249321F500AE48D9 /* LaunchScreen.storyboard in Resources */,
				9956AE8B2493278700AE48D9 /* start.txt in Resources */,
				9956AE80249321F500AE48D9 /* Assets.xcassets in Resources */,
				9956AE7E249321F300AE48D9 /* Main.storyboard in Resources */,
			);
			runOnlyForDeploymentPostprocessing = 0;
		};
/* End PBXResourcesBuildPhase section */

/* Begin PBXSourcesBuildPhase section */
		9956AE6F249321F300AE48D9 /* Sources */ = {
			isa = PBXSourcesBuildPhase;
			buildActionMask = 2147483647;
			files = (
				9956AE7B249321F300AE48D9 /* ViewController.swift in Sources */,
				9956AE77249321F300AE48D9 /* AppDelegate.swift in Sources */,
				9956AE79249321F300AE48D9 /* SceneDelegate.swift in Sources */,
			);
			runOnlyForDeploymentPostprocessing = 0;
		};
/* End PBXSourcesBuildPhase section */

/* Begin PBXVariantGroup section */
		9956AE7C249321F300AE48D9 /* Main.storyboard */ = {
			isa = PBXVariantGroup;
			children = (
				9956AE7D249321F300AE48D9 /* Base */,
			);
			name = Main.storyboard;
			sourceTree = "<group>";
		};
		9956AE81249321F500AE48D9 /* LaunchScreen.storyboard */ = {
			isa = PBXVariantGroup;
			children = (
				9956AE82249321F500AE48D9 /* Base */,
			);
			name = LaunchScreen.storyboard;
			sourceTree = "<group>";
		};
/* End PBXVariantGroup section */

/* Begin XCBuildConfiguration section */
		9956AE85249321F500AE48D9 /* Debug */ = {
			isa = XCBuildConfiguration;
			buildSettings = {
				ALWAYS_SEARCH_USER_PATHS = NO;
				CLANG_ANALYZER_NONNULL = YES;
				CLANG_ANALYZER_NUMBER_OBJECT_CONVERSION = YES_AGGRESSIVE;
				CLANG_CXX_LANGUAGE_STANDARD = "gnu++14";
				CLANG_CXX_LIBRARY = "libc++";
				CLANG_ENABLE_MODULES = YES;
				CLANG_ENABLE_OBJC_ARC = YES;
				CLANG_ENABLE_OBJC_WEAK = YES;
				CLANG_WARN_BLOCK_CAPTURE_AUTORELEASING = YES;
				CLANG_WARN_BOOL_CONVERSION = YES;
				CLANG_WARN_COMMA = YES;
				CLANG_WARN_CONSTANT_CONVERSION = YES;
				CLANG_WARN_DEPRECATED_OBJC_IMPLEMENTATIONS = YES;
				CLANG_WARN_DIRECT_OBJC_ISA_USAGE = YES_ERROR;
				CLANG_WARN_DOCUMENTATION_COMMENTS = YES;
				CLANG_WARN_EMPTY_BODY = YES;
				CLANG_WARN_ENUM_CONVERSION = YES;
				CLANG_WARN_INFINITE_RECURSION = YES;
				CLANG_WARN_INT_CONVERSION = YES;
				CLANG_WARN_NON_LITERAL_NULL_CONVERSION = YES;
				CLANG_WARN_OBJC_IMPLICIT_RETAIN_SELF = YES;
				CLANG_WARN_OBJC_LITERAL_CONVERSION = YES;
				CLANG_WARN_OBJC_ROOT_CLASS = YES_ERROR;
				CLANG_WARN_RANGE_LOOP_ANALYSIS = YES;
				CLANG_WARN_STRICT_PROTOTYPES = YES;
				CLANG_WARN_SUSPICIOUS_MOVE = YES;
				CLANG_WARN_UNGUARDED_AVAILABILITY = YES_AGGRESSIVE;
				CLANG_WARN_UNREACHABLE_CODE = YES;
				CLANG_WARN__DUPLICATE_METHOD_MATCH = YES;
				COPY_PHASE_STRIP = NO;
				DEBUG_INFORMATION_FORMAT = dwarf;
				ENABLE_STRICT_OBJC_MSGSEND = YES;
				ENABLE_TESTABILITY = YES;
				GCC_C_LANGUAGE_STANDARD = gnu11;
				GCC_DYNAMIC_NO_PIC = NO;
				GCC_NO_COMMON_BLOCKS = YES;
				GCC_OPTIMIZATION_LEVEL = 0;
				GCC_PREPROCESSOR_DEFINITIONS = (
					"DEBUG=1",
					"$(inherited)",
				);
				GCC_WARN_64_TO_32_BIT_CONVERSION = YES;
				GCC_WARN_ABOUT_RETURN_TYPE = YES_ERROR;
				GCC_WARN_UNDECLARED_SELECTOR = YES;
				GCC_WARN_UNINITIALIZED_AUTOS = YES_AGGRESSIVE;
				GCC_WARN_UNUSED_FUNCTION = YES;
				GCC_WARN_UNUSED_VARIABLE = YES;
				IPHONEOS_DEPLOYMENT_TARGET = 13.5;
				MTL_ENABLE_DEBUG_INFO = INCLUDE_SOURCE;
				MTL_FAST_MATH = YES;
				ONLY_ACTIVE_ARCH = YES;
				SDKROOT = iphoneos;
				SWIFT_ACTIVE_COMPILATION_CONDITIONS = DEBUG;
				SWIFT_OPTIMIZATION_LEVEL = "-Onone";
			};
			name = Debug;
		};
		9956AE86249321F500AE48D9 /* Release */ = {
			isa = XCBuildConfiguration;
			buildSettings = {
				ALWAYS_SEARCH_USER_PATHS = NO;
				CLANG_ANALYZER_NONNULL = YES;
				CLANG_ANALYZER_NUMBER_OBJECT_CONVERSION = YES_AGGRESSIVE;
				CLANG_CXX_LANGUAGE_STANDARD = "gnu++14";
				CLANG_CXX_LIBRARY = "libc++";
				CLANG_ENABLE_MODULES = YES;
				CLANG_ENABLE_OBJC_ARC = YES;
				CLANG_ENABLE_OBJC_WEAK = YES;
				CLANG_WARN_BLOCK_CAPTURE_AUTORELEASING = YES;
				CLANG_WARN_BOOL_CONVERSION = YES;
				CLANG_WARN_COMMA = YES;
				CLANG_WARN_CONSTANT_CONVERSION = YES;
				CLANG_WARN_DEPRECATED_OBJC_IMPLEMENTATIONS = YES;
				CLANG_WARN_DIRECT_OBJC_ISA_USAGE = YES_ERROR;
				CLANG_WARN_DOCUMENTATION_COMMENTS = YES;
				CLANG_WARN_EMPTY_BODY = YES;
				CLANG_WARN_ENUM_CONVERSION = YES;
				CLANG_WARN_INFINITE_RECURSION = YES;
				CLANG_WARN_INT_CONVERSION = YES;
				CLANG_WARN_NON_LITERAL_NULL_CONVERSION = YES;
				CLANG_WARN_OBJC_IMPLICIT_RETAIN_SELF = YES;
				CLANG_WARN_OBJC_LITERAL_CONVERSION = YES;
				CLANG_WARN_OBJC_ROOT_CLASS = YES_ERROR;
				CLANG_WARN_RANGE_LOOP_ANALYSIS = YES;
				CLANG_WARN_STRICT_PROTOTYPES = YES;
				CLANG_WARN_SUSPICIOUS_MOVE = YES;
				CLANG_WARN_UNGUARDED_AVAILABILITY = YES_AGGRESSIVE;
				CLANG_WARN_UNREACHABLE_CODE = YES;
				CLANG_WARN__DUPLICATE_METHOD_MATCH = YES;
				COPY_PHASE_STRIP = NO;
				DEBUG_INFORMATION_FORMAT = "dwarf-with-dsym";
				ENABLE_NS_ASSERTIONS = NO;
				ENABLE_STRICT_OBJC_MSGSEND = YES;
				GCC_C_LANGUAGE_STANDARD = gnu11;
				GCC_NO_COMMON_BLOCKS = YES;
				GCC_WARN_64_TO_32_BIT_CONVERSION = YES;
				GCC_WARN_ABOUT_RETURN_TYPE = YES_ERROR;
				GCC_WARN_UNDECLARED_SELECTOR = YES;
				GCC_WARN_UNINITIALIZED_AUTOS = YES_AGGRESSIVE;
				GCC_WARN_UNUSED_FUNCTION = YES;
				GCC_WARN_UNUSED_VARIABLE = YES;
				IPHONEOS_DEPLOYMENT_TARGET = 13.5;
				MTL_ENABLE_DEBUG_INFO = NO;
				MTL_FAST_MATH = YES;
				SDKROOT = iphoneos;
				SWIFT_COMPILATION_MODE = wholemodule;
				SWIFT_OPTIMIZATION_LEVEL = "-O";
				VALIDATE_PRODUCT = YES;
			};
			name = Release;
		};
		9956AE88249321F500AE48D9 /* Debug */ = {
			isa = XCBuildConfiguration;
			buildSettings = {
				ASSETCATALOG_COMPILER_APPICON_NAME = AppIcon;
				CODE_SIGN_STYLE = Automatic;
				INFOPLIST_FILE = "Project 5 - Word Scramble/Info.plist";
				LD_RUNPATH_SEARCH_PATHS = (
					"$(inherited)",
					"@executable_path/Frameworks",
				);
				PRODUCT_BUNDLE_IDENTIFIER = "com.deon-adams-apps.Project-5---Word-Scramble";
				PRODUCT_NAME = "$(TARGET_NAME)";
				SWIFT_VERSION = 5.0;
				TARGETED_DEVICE_FAMILY = "1,2";
			};
			name = Debug;
		};
		9956AE89249321F500AE48D9 /* Release */ = {
			isa = XCBuildConfiguration;
			buildSettings = {
				ASSETCATALOG_COMPILER_APPICON_NAME = AppIcon;
				CODE_SIGN_STYLE = Automatic;
				INFOPLIST_FILE = "Project 5 - Word Scramble/Info.plist";
				LD_RUNPATH_SEARCH_PATHS = (
					"$(inherited)",
					"@executable_path/Frameworks",
				);
				PRODUCT_BUNDLE_IDENTIFIER = "com.deon-adams-apps.Project-5---Word-Scramble";
				PRODUCT_NAME = "$(TARGET_NAME)";
				SWIFT_VERSION = 5.0;
				TARGETED_DEVICE_FAMILY = "1,2";
			};
			name = Release;
		};
/* End XCBuildConfiguration section */

/* Begin XCConfigurationList section */
		9956AE6E249321F300AE48D9 /* Build configuration list for PBXProject "Project 5 - Word Scramble" */ = {
			isa = XCConfigurationList;
			buildConfigurations = (
				9956AE85249321F500AE48D9 /* Debug */,
				9956AE86249321F500AE48D9 /* Release */,
			);
			defaultConfigurationIsVisible = 0;
			defaultConfigurationName = Release;
		};
		9956AE87249321F500AE48D9 /* Build configuration list for PBXNativeTarget "Project 5 - Word Scramble" */ = {
			isa = XCConfigurationList;
			buildConfigurations = (
				9956AE88249321F500AE48D9 /* Debug */,
				9956AE89249321F500AE48D9 /* Release */,
			);
			defaultConfigurationIsVisible = 0;
			defaultConfigurationName = Release;
		};
/* End XCConfigurationList section */
	};
	rootObject = 9956AE6B249321F300AE48D9 /* Project object */;
}
